// !$*UTF8*$!
{
	archiveVersion = 1;
	classes = {
	};
	objectVersion = 56;
	objects = {

/* Begin PBXBuildFile section */
		A10001010000000000000001 /* SpeakwriteApp.swift in Sources */ = {isa = PBXBuildFile; fileRef = A10002010000000000000001 /* SpeakwriteApp.swift */; };
		A10001010000000000000012 /* DeviceAttestation.swift in Sources */ = {isa = PBXBuildFile; fileRef = A10002010000000000000012 /* DeviceAttestation.swift */; };
		A10001010000000000000013 /* KeystrokeCapture.swift in Sources */ = {isa = PBXBuildFile; fileRef = A10002010000000000000013 /* KeystrokeCapture.swift */; };
		A10001010000000000000016 /* ATProtoService.swift in Sources */ = {isa = PBXBuildFile; fileRef = A10002010000000000000016 /* ATProtoService.swift */; };
		A10001010000000000000017 /* AppViewModel.swift in Sources */ = {isa = PBXBuildFile; fileRef = A10002010000000000000017 /* AppViewModel.swift */; };
		A10001010000000000000018 /* LoginView.swift in Sources */ = {isa = PBXBuildFile; fileRef = A10002010000000000000018 /* LoginView.swift */; };
		A10001010000000000000019 /* EditorView.swift in Sources */ = {isa = PBXBuildFile; fileRef = A10002010000000000000019 /* EditorView.swift */; };
		A10001010000000000000020 /* PostBarView.swift in Sources */ = {isa = PBXBuildFile; fileRef = A10002010000000000000020 /* PostBarView.swift */; };
		A10001010000000000000022 /* PublishView.swift in Sources */ = {isa = PBXBuildFile; fileRef = A10002010000000000000022 /* PublishView.swift */; };
		A10001010000000000000023 /* FeedView.swift in Sources */ = {isa = PBXBuildFile; fileRef = A10002010000000000000023 /* FeedView.swift */; };
		A10001010000000000000024 /* TimelineView.swift in Sources */ = {isa = PBXBuildFile; fileRef = A10002010000000000000024 /* TimelineView.swift */; };
		A10001010000000000000025 /* Assets.xcassets in Resources */ = {isa = PBXBuildFile; fileRef = A10002010000000000000025 /* Assets.xcassets */; };
		A10001010000000000000026 /* KeychainHelper.swift in Sources */ = {isa = PBXBuildFile; fileRef = A10002010000000000000026 /* KeychainHelper.swift */; };
		A10001010000000000000027 /* ProfileView.swift in Sources */ = {isa = PBXBuildFile; fileRef = A10002010000000000000027 /* ProfileView.swift */; };
		A10001010000000000000028 /* MyProfileView.swift in Sources */ = {isa = PBXBuildFile; fileRef = A10002010000000000000028 /* MyProfileView.swift */; };
		A10001010000000000000029 /* ReplyView.swift in Sources */ = {isa = PBXBuildFile; fileRef = A10002010000000000000029 /* ReplyView.swift */; };
		A10001010000000000000030 /* AvatarButton.swift in Sources */ = {isa = PBXBuildFile; fileRef = A10002010000000000000030 /* AvatarButton.swift */; };
		A10001010000000000000031 /* Theme.swift in Sources */ = {isa = PBXBuildFile; fileRef = A10002010000000000000031 /* Theme.swift */; };
		A10001010000000000000032 /* SettingsView.swift in Sources */ = {isa = PBXBuildFile; fileRef = A10002010000000000000032 /* SettingsView.swift */; };
		A10001010000000000000033 /* PostRow.swift in Sources */ = {isa = PBXBuildFile; fileRef = A10002010000000000000033 /* PostRow.swift */; };
		A10001010000000000000034 /* AvatarView.swift in Sources */ = {isa = PBXBuildFile; fileRef = A10002010000000000000034 /* AvatarView.swift */; };
		A10001010000000000000035 /* StatView.swift in Sources */ = {isa = PBXBuildFile; fileRef = A10002010000000000000035 /* StatView.swift */; };
		A10001010000000000000036 /* PostDetailView.swift in Sources */ = {isa = PBXBuildFile; fileRef = A10002010000000000000036 /* PostDetailView.swift */; };
		A10001010000000000000037 /* QuotePostView.swift in Sources */ = {isa = PBXBuildFile; fileRef = A10002010000000000000037 /* QuotePostView.swift */; };
		A10001010000000000000038 /* SearchUsersView.swift in Sources */ = {isa = PBXBuildFile; fileRef = A10002010000000000000038 /* SearchUsersView.swift */; };
		A10001010000000000000039 /* CBORDecoder.swift in Sources */ = {isa = PBXBuildFile; fileRef = A10002010000000000000039 /* CBORDecoder.swift */; };
		A10001010000000000000040 /* AppAttestVerifier.swift in Sources */ = {isa = PBXBuildFile; fileRef = A10002010000000000000040 /* AppAttestVerifier.swift */; };
		A10001010000000000000041 /* VerificationService.swift in Sources */ = {isa = PBXBuildFile; fileRef = A10002010000000000000041 /* VerificationService.swift */; };
		A10001010000000000000042 /* AppleAppAttestRootCA.cer in Resources */ = {isa = PBXBuildFile; fileRef = A10002010000000000000042 /* AppleAppAttestRootCA.cer */; };
		A10001010000000000000043 /* CameraCaptureView.swift in Sources */ = {isa = PBXBuildFile; fileRef = A10002010000000000000043 /* CameraCaptureView.swift */; };
		A10001010000000000000044 /* PostImagesView.swift in Sources */ = {isa = PBXBuildFile; fileRef = A10002010000000000000044 /* PostImagesView.swift */; };
		A10001010000000000000045 /* MediaPreviewStrip.swift in Sources */ = {isa = PBXBuildFile; fileRef = A10002010000000000000045 /* MediaPreviewStrip.swift */; };
		A10001010000000000000046 /* PreviewHelpers.swift in Sources */ = {isa = PBXBuildFile; fileRef = A10002010000000000000046 /* PreviewHelpers.swift */; };
		A10003010000000000000001 /* CryptoKit.framework in Frameworks */ = {isa = PBXBuildFile; fileRef = A10004010000000000000001 /* CryptoKit.framework */; };
		A10003010000000000000002 /* DeviceCheck.framework in Frameworks */ = {isa = PBXBuildFile; fileRef = A10004010000000000000002 /* DeviceCheck.framework */; };
		A10003010000000000000004 /* AuthenticationServices.framework in Frameworks */ = {isa = PBXBuildFile; fileRef = A10004010000000000000004 /* AuthenticationServices.framework */; };
		A10001010000000000000050 /* SpeakwriteTests.swift in Sources */ = {isa = PBXBuildFile; fileRef = A10002010000000000000050 /* SpeakwriteTests.swift */; };
		A10001010000000000000051 /* SnapshotTests.swift in Sources */ = {isa = PBXBuildFile; fileRef = A10002010000000000000051 /* SnapshotTests.swift */; };
		A10001010000000000000052 /* SnapshotTesting in Frameworks */ = {isa = PBXBuildFile; productRef = A10011010000000000000001 /* SnapshotTesting */; };
/* End PBXBuildFile section */

/* Begin PBXFileReference section */
		A10002010000000000000001 /* SpeakwriteApp.swift */ = {isa = PBXFileReference; lastKnownFileType = sourcecode.swift; path = SpeakwriteApp.swift; sourceTree = "<group>"; };
		A10002010000000000000012 /* DeviceAttestation.swift */ = {isa = PBXFileReference; lastKnownFileType = sourcecode.swift; path = DeviceAttestation.swift; sourceTree = "<group>"; };
		A10002010000000000000013 /* KeystrokeCapture.swift */ = {isa = PBXFileReference; lastKnownFileType = sourcecode.swift; path = KeystrokeCapture.swift; sourceTree = "<group>"; };
		A10002010000000000000016 /* ATProtoService.swift */ = {isa = PBXFileReference; lastKnownFileType = sourcecode.swift; path = ATProtoService.swift; sourceTree = "<group>"; };
		A10002010000000000000017 /* AppViewModel.swift */ = {isa = PBXFileReference; lastKnownFileType = sourcecode.swift; path = AppViewModel.swift; sourceTree = "<group>"; };
		A10002010000000000000018 /* LoginView.swift */ = {isa = PBXFileReference; lastKnownFileType = sourcecode.swift; path = LoginView.swift; sourceTree = "<group>"; };
		A10002010000000000000019 /* EditorView.swift */ = {isa = PBXFileReference; lastKnownFileType = sourcecode.swift; path = EditorView.swift; sourceTree = "<group>"; };
		A10002010000000000000020 /* PostBarView.swift */ = {isa = PBXFileReference; lastKnownFileType = sourcecode.swift; path = PostBarView.swift; sourceTree = "<group>"; };
		A10002010000000000000022 /* PublishView.swift */ = {isa = PBXFileReference; lastKnownFileType = sourcecode.swift; path = PublishView.swift; sourceTree = "<group>"; };
		A10002010000000000000023 /* FeedView.swift */ = {isa = PBXFileReference; lastKnownFileType = sourcecode.swift; path = FeedView.swift; sourceTree = "<group>"; };
		A10002010000000000000024 /* TimelineView.swift */ = {isa = PBXFileReference; lastKnownFileType = sourcecode.swift; path = TimelineView.swift; sourceTree = "<group>"; };
		A10002010000000000000025 /* Assets.xcassets */ = {isa = PBXFileReference; lastKnownFileType = folder.assetcatalog; path = Assets.xcassets; sourceTree = "<group>"; };
		A10002010000000000000026 /* KeychainHelper.swift */ = {isa = PBXFileReference; lastKnownFileType = sourcecode.swift; path = KeychainHelper.swift; sourceTree = "<group>"; };
		A10002010000000000000027 /* ProfileView.swift */ = {isa = PBXFileReference; lastKnownFileType = sourcecode.swift; path = ProfileView.swift; sourceTree = "<group>"; };
		A10002010000000000000028 /* MyProfileView.swift */ = {isa = PBXFileReference; lastKnownFileType = sourcecode.swift; path = MyProfileView.swift; sourceTree = "<group>"; };
		A10002010000000000000029 /* ReplyView.swift */ = {isa = PBXFileReference; lastKnownFileType = sourcecode.swift; path = ReplyView.swift; sourceTree = "<group>"; };
		A10002010000000000000030 /* AvatarButton.swift */ = {isa = PBXFileReference; lastKnownFileType = sourcecode.swift; path = AvatarButton.swift; sourceTree = "<group>"; };
		A10002010000000000000031 /* Theme.swift */ = {isa = PBXFileReference; lastKnownFileType = sourcecode.swift; path = Theme.swift; sourceTree = "<group>"; };
		A10002010000000000000032 /* SettingsView.swift */ = {isa = PBXFileReference; lastKnownFileType = sourcecode.swift; path = SettingsView.swift; sourceTree = "<group>"; };
		A10002010000000000000033 /* PostRow.swift */ = {isa = PBXFileReference; lastKnownFileType = sourcecode.swift; path = PostRow.swift; sourceTree = "<group>"; };
		A10002010000000000000034 /* AvatarView.swift */ = {isa = PBXFileReference; lastKnownFileType = sourcecode.swift; path = AvatarView.swift; sourceTree = "<group>"; };
		A10002010000000000000035 /* StatView.swift */ = {isa = PBXFileReference; lastKnownFileType = sourcecode.swift; path = StatView.swift; sourceTree = "<group>"; };
		A10002010000000000000036 /* PostDetailView.swift */ = {isa = PBXFileReference; lastKnownFileType = sourcecode.swift; path = PostDetailView.swift; sourceTree = "<group>"; };
		A10002010000000000000037 /* QuotePostView.swift */ = {isa = PBXFileReference; lastKnownFileType = sourcecode.swift; path = QuotePostView.swift; sourceTree = "<group>"; };
		A10002010000000000000038 /* SearchUsersView.swift */ = {isa = PBXFileReference; lastKnownFileType = sourcecode.swift; path = SearchUsersView.swift; sourceTree = "<group>"; };
		A10002010000000000000039 /* CBORDecoder.swift */ = {isa = PBXFileReference; lastKnownFileType = sourcecode.swift; path = CBORDecoder.swift; sourceTree = "<group>"; };
		A10002010000000000000040 /* AppAttestVerifier.swift */ = {isa = PBXFileReference; lastKnownFileType = sourcecode.swift; path = AppAttestVerifier.swift; sourceTree = "<group>"; };
		A10002010000000000000041 /* VerificationService.swift */ = {isa = PBXFileReference; lastKnownFileType = sourcecode.swift; path = VerificationService.swift; sourceTree = "<group>"; };
		A10002010000000000000042 /* AppleAppAttestRootCA.cer */ = {isa = PBXFileReference; lastKnownFileType = file; path = AppleAppAttestRootCA.cer; sourceTree = "<group>"; };
		A10002010000000000000043 /* CameraCaptureView.swift */ = {isa = PBXFileReference; lastKnownFileType = sourcecode.swift; path = CameraCaptureView.swift; sourceTree = "<group>"; };
		A10002010000000000000044 /* PostImagesView.swift */ = {isa = PBXFileReference; lastKnownFileType = sourcecode.swift; path = PostImagesView.swift; sourceTree = "<group>"; };
		A10002010000000000000045 /* MediaPreviewStrip.swift */ = {isa = PBXFileReference; lastKnownFileType = sourcecode.swift; path = MediaPreviewStrip.swift; sourceTree = "<group>"; };
		A10002010000000000000046 /* PreviewHelpers.swift */ = {isa = PBXFileReference; lastKnownFileType = sourcecode.swift; path = PreviewHelpers.swift; sourceTree = "<group>"; };
		A10004010000000000000001 /* CryptoKit.framework */ = {isa = PBXFileReference; lastKnownFileType = wrapper.framework; name = CryptoKit.framework; path = System/Library/Frameworks/CryptoKit.framework; sourceTree = SDKROOT; };
		A10004010000000000000002 /* DeviceCheck.framework */ = {isa = PBXFileReference; lastKnownFileType = wrapper.framework; name = DeviceCheck.framework; path = System/Library/Frameworks/DeviceCheck.framework; sourceTree = SDKROOT; };
		A10004010000000000000004 /* AuthenticationServices.framework */ = {isa = PBXFileReference; lastKnownFileType = wrapper.framework; name = AuthenticationServices.framework; path = System/Library/Frameworks/AuthenticationServices.framework; sourceTree = SDKROOT; };
		A10005010000000000000001 /* Speakwrite.app */ = {isa = PBXFileReference; explicitFileType = wrapper.application; includeInIndex = 0; path = Speakwrite.app; sourceTree = BUILT_PRODUCTS_DIR; };
		A10006010000000000000001 /* Info.plist */ = {isa = PBXFileReference; lastKnownFileType = text.plist.xml; path = Info.plist; sourceTree = "<group>"; };
		A10006010000000000000002 /* Speakwrite.entitlements */ = {isa = PBXFileReference; lastKnownFileType = text.plist.entitlements; path = Speakwrite.entitlements; sourceTree = "<group>"; };
		A10002010000000000000050 /* SpeakwriteTests.swift */ = {isa = PBXFileReference; lastKnownFileType = sourcecode.swift; path = SpeakwriteTests.swift; sourceTree = "<group>"; };
		A10002010000000000000051 /* SnapshotTests.swift */ = {isa = PBXFileReference; lastKnownFileType = sourcecode.swift; path = SnapshotTests.swift; sourceTree = "<group>"; };
		A10005010000000000000002 /* SpeakwriteTests.xctest */ = {isa = PBXFileReference; explicitFileType = wrapper.cfbundle; includeInIndex = 0; path = SpeakwriteTests.xctest; sourceTree = BUILT_PRODUCTS_DIR; };
/* End PBXFileReference section */

/* Begin PBXFrameworksBuildPhase section */
		A10007010000000000000001 /* Frameworks */ = {
			isa = PBXFrameworksBuildPhase;
			buildActionMask = 2147483647;
			files = (
				A10003010000000000000001 /* CryptoKit.framework in Frameworks */,
				A10003010000000000000002 /* DeviceCheck.framework in Frameworks */,
				A10003010000000000000004 /* AuthenticationServices.framework in Frameworks */,
			);
			runOnlyForDeploymentPostprocessing = 0;
		};
		A10007010000000000000002 /* Frameworks */ = {
			isa = PBXFrameworksBuildPhase;
			buildActionMask = 2147483647;
			files = (
				A10001010000000000000052 /* SnapshotTesting in Frameworks */,
			);
			runOnlyForDeploymentPostprocessing = 0;
		};
/* End PBXFrameworksBuildPhase section */

/* Begin PBXGroup section */
		A10008010000000000000001 = {
			isa = PBXGroup;
			children = (
				A10008010000000000000002 /* Speakwrite */,
				A10008010000000000000020 /* SpeakwriteTests */,
				A10008010000000000000009 /* Frameworks */,
				A10008010000000000000010 /* Products */,
			);
			sourceTree = "<group>";
		};
		A10008010000000000000020 /* SpeakwriteTests */ = {
			isa = PBXGroup;
			children = (
				A10002010000000000000050 /* SpeakwriteTests.swift */,
				A10002010000000000000051 /* SnapshotTests.swift */,
			);
			path = SpeakwriteTests;
			sourceTree = "<group>";
		};
		A10008010000000000000002 /* Speakwrite */ = {
			isa = PBXGroup;
			children = (
				A10002010000000000000001 /* SpeakwriteApp.swift */,
				A10002010000000000000031 /* Theme.swift */,
				A10002010000000000000046 /* PreviewHelpers.swift */,
				A10002010000000000000025 /* Assets.xcassets */,
				A10006010000000000000001 /* Info.plist */,
				A10006010000000000000002 /* Speakwrite.entitlements */,
				A10008010000000000000005 /* Features */,
				A10008010000000000000006 /* Services */,
				A10008010000000000000007 /* ViewModels */,
				A10008010000000000000008 /* Views */,
				A10008010000000000000012 /* Resources */,
			);
			path = Speakwrite;
			sourceTree = "<group>";
		};
		A10008010000000000000012 /* Resources */ = {
			isa = PBXGroup;
			children = (
				A10002010000000000000042 /* AppleAppAttestRootCA.cer */,
			);
			path = Resources;
			sourceTree = "<group>";
		};
		A10008010000000000000005 /* Features */ = {
			isa = PBXGroup;
			children = (
			);
			path = Features;
			sourceTree = "<group>";
		};
		A10008010000000000000006 /* Services */ = {
			isa = PBXGroup;
			children = (
				A10002010000000000000012 /* DeviceAttestation.swift */,
				A10002010000000000000013 /* KeystrokeCapture.swift */,
				A10002010000000000000016 /* ATProtoService.swift */,
				A10002010000000000000026 /* KeychainHelper.swift */,
				A10002010000000000000039 /* CBORDecoder.swift */,
				A10002010000000000000040 /* AppAttestVerifier.swift */,
				A10002010000000000000041 /* VerificationService.swift */,
			);
			path = Services;
			sourceTree = "<group>";
		};
		A10008010000000000000007 /* ViewModels */ = {
			isa = PBXGroup;
			children = (
				A10002010000000000000017 /* AppViewModel.swift */,
			);
			path = ViewModels;
			sourceTree = "<group>";
		};
		A10008010000000000000008 /* Views */ = {
			isa = PBXGroup;
			children = (
				A10008010000000000000011 /* Components */,
				A10002010000000000000018 /* LoginView.swift */,
				A10002010000000000000019 /* EditorView.swift */,
				A10002010000000000000020 /* PostBarView.swift */,
				A10002010000000000000022 /* PublishView.swift */,
				A10002010000000000000023 /* FeedView.swift */,
				A10002010000000000000024 /* TimelineView.swift */,
				A10002010000000000000027 /* ProfileView.swift */,
				A10002010000000000000028 /* MyProfileView.swift */,
				A10002010000000000000029 /* ReplyView.swift */,
				A10002010000000000000030 /* AvatarButton.swift */,
				A10002010000000000000032 /* SettingsView.swift */,
				A10002010000000000000036 /* PostDetailView.swift */,
				A10002010000000000000037 /* QuotePostView.swift */,
				A10002010000000000000038 /* SearchUsersView.swift */,
				A10002010000000000000043 /* CameraCaptureView.swift */,
			);
			path = Views;
			sourceTree = "<group>";
		};
		A10008010000000000000011 /* Components */ = {
			isa = PBXGroup;
			children = (
				A10002010000000000000033 /* PostRow.swift */,
				A10002010000000000000034 /* AvatarView.swift */,
				A10002010000000000000035 /* StatView.swift */,
				A10002010000000000000044 /* PostImagesView.swift */,
				A10002010000000000000045 /* MediaPreviewStrip.swift */,
			);
			path = Components;
			sourceTree = "<group>";
		};
		A10008010000000000000009 /* Frameworks */ = {
			isa = PBXGroup;
			children = (
				A10004010000000000000001 /* CryptoKit.framework */,
				A10004010000000000000002 /* DeviceCheck.framework */,
				A10004010000000000000004 /* AuthenticationServices.framework */,
			);
			name = Frameworks;
			sourceTree = "<group>";
		};
		A10008010000000000000010 /* Products */ = {
			isa = PBXGroup;
			children = (
				A10005010000000000000001 /* Speakwrite.app */,
				A10005010000000000000002 /* SpeakwriteTests.xctest */,
			);
			name = Products;
			sourceTree = "<group>";
		};
/* End PBXGroup section */

/* Begin PBXContainerItemProxy section */
		A1000E010000000000000001 /* PBXContainerItemProxy */ = {
			isa = PBXContainerItemProxy;
			containerPortal = A1000C010000000000000001 /* Project object */;
			proxyType = 1;
			remoteGlobalIDString = A10009010000000000000001;
			remoteInfo = Speakwrite;
		};
/* End PBXContainerItemProxy section */

/* Begin PBXTargetDependency section */
		A1000F010000000000000001 /* PBXTargetDependency */ = {
			isa = PBXTargetDependency;
			target = A10009010000000000000001 /* Speakwrite */;
			targetProxy = A1000E010000000000000001 /* PBXContainerItemProxy */;
		};
/* End PBXTargetDependency section */

/* Begin PBXNativeTarget section */
		A10009010000000000000001 /* Speakwrite */ = {
			isa = PBXNativeTarget;
			buildConfigurationList = A1000B010000000000000001 /* Build configuration list for PBXNativeTarget "Speakwrite" */;
			buildPhases = (
				A1000A010000000000000001 /* Sources */,
				A10007010000000000000001 /* Frameworks */,
				A1000A010000000000000002 /* Resources */,
			);
			buildRules = (
			);
			dependencies = (
			);
			name = Speakwrite;
			productName = Speakwrite;
			productReference = A10005010000000000000001 /* Speakwrite.app */;
			productType = "com.apple.product-type.application";
		};
		A10009010000000000000002 /* SpeakwriteTests */ = {
			isa = PBXNativeTarget;
			buildConfigurationList = A1000B010000000000000002 /* Build configuration list for PBXNativeTarget "SpeakwriteTests" */;
			buildPhases = (
				A1000A010000000000000003 /* Sources */,
				A10007010000000000000002 /* Frameworks */,
				A1000A010000000000000004 /* Resources */,
			);
			buildRules = (
			);
			dependencies = (
				A1000F010000000000000001 /* PBXTargetDependency */,
			);
			name = SpeakwriteTests;
			packageProductDependencies = (
				A10011010000000000000001 /* SnapshotTesting */,
			);
			productName = SpeakwriteTests;
			productReference = A10005010000000000000002 /* SpeakwriteTests.xctest */;
			productType = "com.apple.product-type.bundle.unit-test";
		};
/* End PBXNativeTarget section */

/* Begin PBXProject section */
		A1000C010000000000000001 /* Project object */ = {
			isa = PBXProject;
			attributes = {
				BuildIndependentTargetsInParallel = 1;
				LastSwiftUpdateCheck = 1540;
				LastUpgradeCheck = 1540;
				TargetAttributes = {
					A10009010000000000000001 = {
						CreatedOnToolsVersion = 15.4;
					};
					A10009010000000000000002 = {
						CreatedOnToolsVersion = 15.4;
						TestTargetID = A10009010000000000000001;
					};
				};
			};
			buildConfigurationList = A1000B010000000000000003 /* Build configuration list for PBXProject "Speakwrite" */;
			compatibilityVersion = "Xcode 14.0";
			developmentRegion = en;
			hasScannedForEncodings = 0;
			knownRegions = (
				en,
				Base,
			);
			mainGroup = A10008010000000000000001;
			packageReferences = (
				A10010010000000000000001 /* XCRemoteSwiftPackageReference "swift-snapshot-testing" */,
			);
			productRefGroup = A10008010000000000000010 /* Products */;
			projectDirPath = "";
			projectRoot = "";
			targets = (
				A10009010000000000000001 /* Speakwrite */,
				A10009010000000000000002 /* SpeakwriteTests */,
			);
		};
/* End PBXProject section */

/* Begin PBXResourcesBuildPhase section */
		A1000A010000000000000002 /* Resources */ = {
			isa = PBXResourcesBuildPhase;
			buildActionMask = 2147483647;
			files = (
				A10001010000000000000025 /* Assets.xcassets in Resources */,
				A10001010000000000000042 /* AppleAppAttestRootCA.cer in Resources */,
			);
			runOnlyForDeploymentPostprocessing = 0;
		};
		A1000A010000000000000004 /* Resources */ = {
			isa = PBXResourcesBuildPhase;
			buildActionMask = 2147483647;
			files = (
			);
			runOnlyForDeploymentPostprocessing = 0;
		};
/* End PBXResourcesBuildPhase section */

/* Begin PBXSourcesBuildPhase section */
		A1000A010000000000000001 /* Sources */ = {
			isa = PBXSourcesBuildPhase;
			buildActionMask = 2147483647;
			files = (
				A10001010000000000000001 /* SpeakwriteApp.swift in Sources */,
				A10001010000000000000012 /* DeviceAttestation.swift in Sources */,
				A10001010000000000000013 /* KeystrokeCapture.swift in Sources */,
				A10001010000000000000016 /* ATProtoService.swift in Sources */,
				A10001010000000000000017 /* AppViewModel.swift in Sources */,
				A10001010000000000000018 /* LoginView.swift in Sources */,
				A10001010000000000000019 /* EditorView.swift in Sources */,
				A10001010000000000000020 /* PostBarView.swift in Sources */,
				A10001010000000000000022 /* PublishView.swift in Sources */,
				A10001010000000000000023 /* FeedView.swift in Sources */,
				A10001010000000000000024 /* TimelineView.swift in Sources */,
				A10001010000000000000026 /* KeychainHelper.swift in Sources */,
				A10001010000000000000027 /* ProfileView.swift in Sources */,
				A10001010000000000000028 /* MyProfileView.swift in Sources */,
				A10001010000000000000029 /* ReplyView.swift in Sources */,
				A10001010000000000000030 /* AvatarButton.swift in Sources */,
				A10001010000000000000031 /* Theme.swift in Sources */,
				A10001010000000000000032 /* SettingsView.swift in Sources */,
				A10001010000000000000033 /* PostRow.swift in Sources */,
				A10001010000000000000034 /* AvatarView.swift in Sources */,
				A10001010000000000000035 /* StatView.swift in Sources */,
				A10001010000000000000036 /* PostDetailView.swift in Sources */,
				A10001010000000000000037 /* QuotePostView.swift in Sources */,
				A10001010000000000000038 /* SearchUsersView.swift in Sources */,
				A10001010000000000000039 /* CBORDecoder.swift in Sources */,
				A10001010000000000000040 /* AppAttestVerifier.swift in Sources */,
				A10001010000000000000041 /* VerificationService.swift in Sources */,
				A10001010000000000000043 /* CameraCaptureView.swift in Sources */,
				A10001010000000000000044 /* PostImagesView.swift in Sources */,
				A10001010000000000000045 /* MediaPreviewStrip.swift in Sources */,
				A10001010000000000000046 /* PreviewHelpers.swift in Sources */,
			);
			runOnlyForDeploymentPostprocessing = 0;
		};
		A1000A010000000000000003 /* Sources */ = {
			isa = PBXSourcesBuildPhase;
			buildActionMask = 2147483647;
			files = (
				A10001010000000000000050 /* SpeakwriteTests.swift in Sources */,
				A10001010000000000000051 /* SnapshotTests.swift in Sources */,
			);
			runOnlyForDeploymentPostprocessing = 0;
		};
/* End PBXSourcesBuildPhase section */

/* Begin XCBuildConfiguration section */
		A1000D010000000000000001 /* Debug */ = {
			isa = XCBuildConfiguration;
			buildSettings = {
				ALWAYS_SEARCH_USER_PATHS = NO;
				ASSETCATALOG_COMPILER_GENERATE_SWIFT_ASSET_SYMBOL_EXTENSIONS = YES;
				CLANG_ANALYZER_NONNULL = YES;
				CLANG_ANALYZER_NUMBER_OBJECT_CONVERSION = YES_AGGRESSIVE;
				CLANG_CXX_LANGUAGE_STANDARD = "gnu++20";
				CLANG_ENABLE_MODULES = YES;
				CLANG_ENABLE_OBJC_ARC = YES;
				CLANG_ENABLE_OBJC_WEAK = YES;
				CLANG_WARN_BLOCK_CAPTURE_AUTORELEASING = YES;
				CLANG_WARN_BOOL_CONVERSION = YES;
				CLANG_WARN_COMMA = YES;
				CLANG_WARN_CONSTANT_CONVERSION = YES;
				CLANG_WARN_DEPRECATED_OBJC_IMPLEMENTATIONS = YES;
				CLANG_WARN_DIRECT_OBJC_ISA_USAGE = YES_ERROR;
				CLANG_WARN_DOCUMENTATION_COMMENTS = YES;
				CLANG_WARN_EMPTY_BODY = YES;
				CLANG_WARN_ENUM_CONVERSION = YES;
				CLANG_WARN_INFINITE_RECURSION = YES;
				CLANG_WARN_INT_CONVERSION = YES;
				CLANG_WARN_NON_LITERAL_NULL_CONVERSION = YES;
				CLANG_WARN_OBJC_IMPLICIT_RETAIN_SELF = YES;
				CLANG_WARN_OBJC_LITERAL_CONVERSION = YES;
				CLANG_WARN_OBJC_ROOT_CLASS = YES_ERROR;
				CLANG_WARN_QUOTED_INCLUDE_IN_FRAMEWORK_HEADER = YES;
				CLANG_WARN_RANGE_LOOP_ANALYSIS = YES;
				CLANG_WARN_STRICT_PROTOTYPES = YES;
				CLANG_WARN_SUSPICIOUS_MOVE = YES;
				CLANG_WARN_UNGUARDED_AVAILABILITY = YES_AGGRESSIVE;
				CLANG_WARN_UNREACHABLE_CODE = YES;
				CLANG_WARN__DUPLICATE_METHOD_MATCH = YES;
				COPY_PHASE_STRIP = NO;
				DEBUG_INFORMATION_FORMAT = dwarf;
				ENABLE_STRICT_OBJC_MSGSEND = YES;
				ENABLE_TESTABILITY = YES;
				ENABLE_USER_SCRIPT_SANDBOXING = YES;
				GCC_C_LANGUAGE_STANDARD = gnu17;
				GCC_DYNAMIC_NO_PIC = NO;
				GCC_NO_COMMON_BLOCKS = YES;
				GCC_OPTIMIZATION_LEVEL = 0;
				GCC_PREPROCESSOR_DEFINITIONS = (
					"DEBUG=1",
					"$(inherited)",
				);
				GCC_WARN_64_TO_32_BIT_CONVERSION = YES;
				GCC_WARN_ABOUT_RETURN_TYPE = YES_ERROR;
				GCC_WARN_UNDECLARED_SELECTOR = YES;
				GCC_WARN_UNINITIALIZED_AUTOS = YES_AGGRESSIVE;
				GCC_WARN_UNUSED_FUNCTION = YES;
				GCC_WARN_UNUSED_VARIABLE = YES;
				IPHONEOS_DEPLOYMENT_TARGET = 17.0;
				LOCALIZATION_PREFERS_STRING_CATALOGS = YES;
				MTL_ENABLE_DEBUG_INFO = INCLUDE_SOURCE;
				MTL_FAST_MATH = YES;
				ONLY_ACTIVE_ARCH = YES;
				SDKROOT = iphoneos;
				SWIFT_ACTIVE_COMPILATION_CONDITIONS = "DEBUG $(inherited)";
				SWIFT_OPTIMIZATION_LEVEL = "-Onone";
				SWIFT_VERSION = 5.0;
			};
			name = Debug;
		};
		A1000D010000000000000002 /* Release */ = {
			isa = XCBuildConfiguration;
			buildSettings = {
				ALWAYS_SEARCH_USER_PATHS = NO;
				ASSETCATALOG_COMPILER_GENERATE_SWIFT_ASSET_SYMBOL_EXTENSIONS = YES;
				CLANG_ANALYZER_NONNULL = YES;
				CLANG_ANALYZER_NUMBER_OBJECT_CONVERSION = YES_AGGRESSIVE;
				CLANG_CXX_LANGUAGE_STANDARD = "gnu++20";
				CLANG_ENABLE_MODULES = YES;
				CLANG_ENABLE_OBJC_ARC = YES;
				CLANG_ENABLE_OBJC_WEAK = YES;
				CLANG_WARN_BLOCK_CAPTURE_AUTORELEASING = YES;
				CLANG_WARN_BOOL_CONVERSION = YES;
				CLANG_WARN_COMMA = YES;
				CLANG_WARN_CONSTANT_CONVERSION = YES;
				CLANG_WARN_DEPRECATED_OBJC_IMPLEMENTATIONS = YES;
				CLANG_WARN_DIRECT_OBJC_ISA_USAGE = YES_ERROR;
				CLANG_WARN_DOCUMENTATION_COMMENTS = YES;
				CLANG_WARN_EMPTY_BODY = YES;
				CLANG_WARN_ENUM_CONVERSION = YES;
				CLANG_WARN_INFINITE_RECURSION = YES;
				CLANG_WARN_INT_CONVERSION = YES;
				CLANG_WARN_NON_LITERAL_NULL_CONVERSION = YES;
				CLANG_WARN_OBJC_IMPLICIT_RETAIN_SELF = YES;
				CLANG_WARN_OBJC_LITERAL_CONVERSION = YES;
				CLANG_WARN_OBJC_ROOT_CLASS = YES_ERROR;
				CLANG_WARN_QUOTED_INCLUDE_IN_FRAMEWORK_HEADER = YES;
				CLANG_WARN_RANGE_LOOP_ANALYSIS = YES;
				CLANG_WARN_STRICT_PROTOTYPES = YES;
				CLANG_WARN_SUSPICIOUS_MOVE = YES;
				CLANG_WARN_UNGUARDED_AVAILABILITY = YES_AGGRESSIVE;
				CLANG_WARN_UNREACHABLE_CODE = YES;
				CLANG_WARN__DUPLICATE_METHOD_MATCH = YES;
				COPY_PHASE_STRIP = NO;
				DEBUG_INFORMATION_FORMAT = "dwarf-with-dsym";
				ENABLE_NS_ASSERTIONS = NO;
				ENABLE_STRICT_OBJC_MSGSEND = YES;
				ENABLE_USER_SCRIPT_SANDBOXING = YES;
				GCC_C_LANGUAGE_STANDARD = gnu17;
				GCC_NO_COMMON_BLOCKS = YES;
				GCC_WARN_64_TO_32_BIT_CONVERSION = YES;
				GCC_WARN_ABOUT_RETURN_TYPE = YES_ERROR;
				GCC_WARN_UNDECLARED_SELECTOR = YES;
				GCC_WARN_UNINITIALIZED_AUTOS = YES_AGGRESSIVE;
				GCC_WARN_UNUSED_FUNCTION = YES;
				GCC_WARN_UNUSED_VARIABLE = YES;
				IPHONEOS_DEPLOYMENT_TARGET = 17.0;
				LOCALIZATION_PREFERS_STRING_CATALOGS = YES;
				MTL_ENABLE_DEBUG_INFO = NO;
				MTL_FAST_MATH = YES;
				SDKROOT = iphoneos;
				SWIFT_COMPILATION_MODE = wholemodule;
				SWIFT_VERSION = 5.0;
				VALIDATE_PRODUCT = YES;
			};
			name = Release;
		};
		A1000D010000000000000003 /* Debug */ = {
			isa = XCBuildConfiguration;
			buildSettings = {
				ASSETCATALOG_COMPILER_APPICON_NAME = AppIcon;
				ASSETCATALOG_COMPILER_GLOBAL_ACCENT_COLOR_NAME = AccentColor;
				CODE_SIGN_ENTITLEMENTS = Speakwrite/Speakwrite.entitlements;
				CODE_SIGN_STYLE = Automatic;
				CURRENT_PROJECT_VERSION = 4;
				DEVELOPMENT_TEAM = J3Y68ZC9L2;
				ENABLE_PREVIEWS = YES;
				GENERATE_INFOPLIST_FILE = NO;
				INFOPLIST_FILE = Speakwrite/Info.plist;
				INFOPLIST_KEY_CFBundleDisplayName = speakwriteio;
				INFOPLIST_KEY_LSApplicationCategoryType = "public.app-category.productivity";
				INFOPLIST_KEY_UIApplicationSceneManifest_Generation = YES;
				INFOPLIST_KEY_UIApplicationSupportsIndirectInputEvents = YES;
				INFOPLIST_KEY_UILaunchScreen_Generation = YES;
				INFOPLIST_KEY_UISupportedInterfaceOrientations_iPad = "UIInterfaceOrientationPortrait UIInterfaceOrientationPortraitUpsideDown UIInterfaceOrientationLandscapeLeft UIInterfaceOrientationLandscapeRight";
				INFOPLIST_KEY_UISupportedInterfaceOrientations_iPhone = "UIInterfaceOrientationPortrait UIInterfaceOrientationLandscapeLeft UIInterfaceOrientationLandscapeRight";
				LD_RUNPATH_SEARCH_PATHS = (
					"$(inherited)",
					"@executable_path/Frameworks",
				);
				MARKETING_VERSION = 1.3;
				PRODUCT_BUNDLE_IDENTIFIER = io.speakwrite.app;
				PRODUCT_NAME = "$(TARGET_NAME)";
				SUPPORTED_PLATFORMS = "iphoneos iphonesimulator";
				SUPPORTS_MACCATALYST = NO;
				SUPPORTS_MAC_DESIGNED_FOR_IPHONE_IPAD = NO;
				SUPPORTS_XR_DESIGNED_FOR_IPHONE_IPAD = NO;
				SWIFT_EMIT_LOC_STRINGS = YES;
				SWIFT_VERSION = 5.0;
				TARGETED_DEVICE_FAMILY = 1;
			};
			name = Debug;
		};
		A1000D010000000000000004 /* Release */ = {
			isa = XCBuildConfiguration;
			buildSettings = {
				ASSETCATALOG_COMPILER_APPICON_NAME = AppIcon;
				ASSETCATALOG_COMPILER_GLOBAL_ACCENT_COLOR_NAME = AccentColor;
				CODE_SIGN_ENTITLEMENTS = Speakwrite/Speakwrite.entitlements;
				CODE_SIGN_STYLE = Automatic;
				CURRENT_PROJECT_VERSION = 4;
				DEVELOPMENT_TEAM = J3Y68ZC9L2;
				ENABLE_PREVIEWS = YES;
				GENERATE_INFOPLIST_FILE = NO;
				INFOPLIST_FILE = Speakwrite/Info.plist;
				INFOPLIST_KEY_CFBundleDisplayName = speakwriteio;
				INFOPLIST_KEY_LSApplicationCategoryType = "public.app-category.productivity";
				INFOPLIST_KEY_UIApplicationSceneManifest_Generation = YES;
				INFOPLIST_KEY_UIApplicationSupportsIndirectInputEvents = YES;
				INFOPLIST_KEY_UILaunchScreen_Generation = YES;
				INFOPLIST_KEY_UISupportedInterfaceOrientations_iPad = "UIInterfaceOrientationPortrait UIInterfaceOrientationPortraitUpsideDown UIInterfaceOrientationLandscapeLeft UIInterfaceOrientationLandscapeRight";
				INFOPLIST_KEY_UISupportedInterfaceOrientations_iPhone = "UIInterfaceOrientationPortrait UIInterfaceOrientationLandscapeLeft UIInterfaceOrientationLandscapeRight";
				LD_RUNPATH_SEARCH_PATHS = (
					"$(inherited)",
					"@executable_path/Frameworks",
				);
				MARKETING_VERSION = 1.3;
				PRODUCT_BUNDLE_IDENTIFIER = io.speakwrite.app;
				PRODUCT_NAME = "$(TARGET_NAME)";
				SUPPORTED_PLATFORMS = "iphoneos iphonesimulator";
				SUPPORTS_MACCATALYST = NO;
				SUPPORTS_MAC_DESIGNED_FOR_IPHONE_IPAD = NO;
				SUPPORTS_XR_DESIGNED_FOR_IPHONE_IPAD = NO;
				SWIFT_EMIT_LOC_STRINGS = YES;
				SWIFT_VERSION = 5.0;
				TARGETED_DEVICE_FAMILY = 1;
			};
			name = Release;
		};
		A1000D010000000000000005 /* Debug */ = {
			isa = XCBuildConfiguration;
			buildSettings = {
				BUNDLE_LOADER = "$(TEST_HOST)";
				CODE_SIGN_STYLE = Automatic;
				CURRENT_PROJECT_VERSION = 1;
				DEVELOPMENT_TEAM = J3Y68ZC9L2;
				GENERATE_INFOPLIST_FILE = YES;
				IPHONEOS_DEPLOYMENT_TARGET = 17.0;
				MARKETING_VERSION = 1.0;
				PRODUCT_BUNDLE_IDENTIFIER = io.speakwrite.app.tests;
				PRODUCT_NAME = "$(TARGET_NAME)";
				SUPPORTED_PLATFORMS = "iphoneos iphonesimulator";
				SUPPORTS_MACCATALYST = NO;
				SWIFT_EMIT_LOC_STRINGS = NO;
				SWIFT_VERSION = 5.0;
				TARGETED_DEVICE_FAMILY = 1;
				TEST_HOST = "$(BUILT_PRODUCTS_DIR)/Speakwrite.app/$(BUNDLE_EXECUTABLE_FOLDER_PATH)/Speakwrite";
			};
			name = Debug;
		};
		A1000D010000000000000006 /* Release */ = {
			isa = XCBuildConfiguration;
			buildSettings = {
				BUNDLE_LOADER = "$(TEST_HOST)";
				CODE_SIGN_STYLE = Automatic;
				CURRENT_PROJECT_VERSION = 1;
				DEVELOPMENT_TEAM = J3Y68ZC9L2;
				GENERATE_INFOPLIST_FILE = YES;
				IPHONEOS_DEPLOYMENT_TARGET = 17.0;
				MARKETING_VERSION = 1.0;
				PRODUCT_BUNDLE_IDENTIFIER = io.speakwrite.app.tests;
				PRODUCT_NAME = "$(TARGET_NAME)";
				SUPPORTED_PLATFORMS = "iphoneos iphonesimulator";
				SUPPORTS_MACCATALYST = NO;
				SWIFT_EMIT_LOC_STRINGS = NO;
				SWIFT_VERSION = 5.0;
				TARGETED_DEVICE_FAMILY = 1;
				TEST_HOST = "$(BUILT_PRODUCTS_DIR)/Speakwrite.app/$(BUNDLE_EXECUTABLE_FOLDER_PATH)/Speakwrite";
			};
			name = Release;
		};
/* End XCBuildConfiguration section */

/* Begin XCConfigurationList section */
		A1000B010000000000000001 /* Build configuration list for PBXNativeTarget "Speakwrite" */ = {
			isa = XCConfigurationList;
			buildConfigurations = (
				A1000D010000000000000003 /* Debug */,
				A1000D010000000000000004 /* Release */,
			);
			defaultConfigurationIsVisible = 0;
			defaultConfigurationName = Release;
		};
		A1000B010000000000000003 /* Build configuration list for PBXProject "Speakwrite" */ = {
			isa = XCConfigurationList;
			buildConfigurations = (
				A1000D010000000000000001 /* Debug */,
				A1000D010000000000000002 /* Release */,
			);
			defaultConfigurationIsVisible = 0;
			defaultConfigurationName = Release;
		};
		A1000B010000000000000002 /* Build configuration list for PBXNativeTarget "SpeakwriteTests" */ = {
			isa = XCConfigurationList;
			buildConfigurations = (
				A1000D010000000000000005 /* Debug */,
				A1000D010000000000000006 /* Release */,
			);
			defaultConfigurationIsVisible = 0;
			defaultConfigurationName = Release;
		};
/* End XCConfigurationList section */

/* Begin XCRemoteSwiftPackageReference section */
		A10010010000000000000001 /* XCRemoteSwiftPackageReference "swift-snapshot-testing" */ = {
			isa = XCRemoteSwiftPackageReference;
			repositoryURL = "https://github.com/pointfreeco/swift-snapshot-testing";
			requirement = {
				kind = upToNextMajorVersion;
				minimumVersion = 1.17.0;
			};
		};
/* End XCRemoteSwiftPackageReference section */

/* Begin XCSwiftPackageProductDependency section */
		A10011010000000000000001 /* SnapshotTesting */ = {
			isa = XCSwiftPackageProductDependency;
			package = A10010010000000000000001 /* XCRemoteSwiftPackageReference "swift-snapshot-testing" */;
			productName = SnapshotTesting;
		};
/* End XCSwiftPackageProductDependency section */
	};
	rootObject = A1000C010000000000000001 /* Project object */;
}
